// !$*UTF8*$!
{
	archiveVersion = 1;
	classes = {
	};
	objectVersion = 50;
	objects = {

/* Begin PBXBuildFile section */
		0C402E4327646B9C009F665E /* Temperatures.swift in Sources */ = {isa = PBXBuildFile; fileRef = 0C402E4227646B9C009F665E /* Temperatures.swift */; };
		0CA4472927521B72001F42CE /* Sensors.swift in Sources */ = {isa = PBXBuildFile; fileRef = 0CA4472827521B72001F42CE /* Sensors.swift */; };
		0CA4472B27523D6F001F42CE /* QrCodeReadingViewController.swift in Sources */ = {isa = PBXBuildFile; fileRef = 0CA4472A27523D6F001F42CE /* QrCodeReadingViewController.swift */; };
		0CA4472D27524676001F42CE /* SensorRegistrationViewController.swift in Sources */ = {isa = PBXBuildFile; fileRef = 0CA4472C27524676001F42CE /* SensorRegistrationViewController.swift */; };
		0CB9E34427639B3C00E21492 /* GradientView.swift in Sources */ = {isa = PBXBuildFile; fileRef = 0CB9E34327639B3C00E21492 /* GradientView.swift */; };
		0CB9E3462763C11200E21492 /* DefaultTextField.swift in Sources */ = {isa = PBXBuildFile; fileRef = 0CB9E3452763C11200E21492 /* DefaultTextField.swift */; };
		0CB9E34827642C1300E21492 /* DefaultButton.swift in Sources */ = {isa = PBXBuildFile; fileRef = 0CB9E34727642C1300E21492 /* DefaultButton.swift */; };
		2FFB701C1220E37212C752AF /* Pods_SmartPlumbers.framework in Frameworks */ = {isa = PBXBuildFile; fileRef = 42F9CF2E182A5BCB72848B02 /* Pods_SmartPlumbers.framework */; };
		631F93C52718C62200C0FA36 /* TitleAndValueView.swift in Sources */ = {isa = PBXBuildFile; fileRef = 631F93C42718C62200C0FA36 /* TitleAndValueView.swift */; };
		631F93CD2718C9AE00C0FA36 /* FundDescriptionWithDecorationView.swift in Sources */ = {isa = PBXBuildFile; fileRef = 631F93CC2718C9AE00C0FA36 /* FundDescriptionWithDecorationView.swift */; };
		631F93D52718DE0A00C0FA36 /* Strings+Helpers.swift in Sources */ = {isa = PBXBuildFile; fileRef = 631F93D42718DE0A00C0FA36 /* Strings+Helpers.swift */; };
		631F93E02718E86000C0FA36 /* AppStrings.swift in Sources */ = {isa = PBXBuildFile; fileRef = 631F93DF2718E86000C0FA36 /* AppStrings.swift */; };
		631F93E52718E86C00C0FA36 /* AppStrings.strings in Resources */ = {isa = PBXBuildFile; fileRef = 631F93E42718E86C00C0FA36 /* AppStrings.strings */; };
		632DAACA27188472002D33E9 /* GradientOfRiskView.swift in Sources */ = {isa = PBXBuildFile; fileRef = 632DAAC927188472002D33E9 /* GradientOfRiskView.swift */; };
		632DAACF27188D44002D33E9 /* FundRisk.swift in Sources */ = {isa = PBXBuildFile; fileRef = 632DAACE27188D44002D33E9 /* FundRisk.swift */; };
		632DAAD427189CA8002D33E9 /* UIColors+Helpers.swift in Sources */ = {isa = PBXBuildFile; fileRef = 632DAAD327189CA8002D33E9 /* UIColors+Helpers.swift */; };
		632DAADA27189F1C002D33E9 /* UIFont+Helpers.swift in Sources */ = {isa = PBXBuildFile; fileRef = 632DAAD927189F1C002D33E9 /* UIFont+Helpers.swift */; };
		632DAADF2718A855002D33E9 /* SensorDetailsView.swift in Sources */ = {isa = PBXBuildFile; fileRef = 632DAADE2718A855002D33E9 /* SensorDetailsView.swift */; };
		63D78E9E2717A9D700819D68 /* AllSensorsViewController.swift in Sources */ = {isa = PBXBuildFile; fileRef = 63D78E9D2717A9D700819D68 /* AllSensorsViewController.swift */; };
		63D78EC52717ADA400819D68 /* SmartSensorDefaultViewController.swift in Sources */ = {isa = PBXBuildFile; fileRef = 63D78EC42717ADA400819D68 /* SmartSensorDefaultViewController.swift */; };
		63D78ECD2717ADDB00819D68 /* SensorDetailsViewController.swift in Sources */ = {isa = PBXBuildFile; fileRef = 63D78ECC2717ADDB00819D68 /* SensorDetailsViewController.swift */; };
		63D78ED22717AE2100819D68 /* ApiRequests.swift in Sources */ = {isa = PBXBuildFile; fileRef = 63D78ED12717AE2100819D68 /* ApiRequests.swift */; };
		63D78ED72717AE3500819D68 /* RequestError.swift in Sources */ = {isa = PBXBuildFile; fileRef = 63D78ED62717AE3500819D68 /* RequestError.swift */; };
		63D78EE62717B7FD00819D68 /* SensorsViewModel.swift in Sources */ = {isa = PBXBuildFile; fileRef = 63D78EE52717B7FD00819D68 /* SensorsViewModel.swift */; };
		63D78EFC2717CAFB00819D68 /* UIView+Anchor.swift in Sources */ = {isa = PBXBuildFile; fileRef = 63D78EFB2717CAFB00819D68 /* UIView+Anchor.swift */; };
		63D78F012717D4E000819D68 /* AllSensorsView.swift in Sources */ = {isa = PBXBuildFile; fileRef = 63D78F002717D4E000819D68 /* AllSensorsView.swift */; };
		63D78F0A2717D50800819D68 /* SingleSensorCollectionViewCell.swift in Sources */ = {isa = PBXBuildFile; fileRef = 63D78F092717D50800819D68 /* SingleSensorCollectionViewCell.swift */; };
		63E5A6412717A52F00FBB90D /* AppDelegate.swift in Sources */ = {isa = PBXBuildFile; fileRef = 63E5A6402717A52F00FBB90D /* AppDelegate.swift */; };
		63E5A64D2717A53000FBB90D /* Assets.xcassets in Resources */ = {isa = PBXBuildFile; fileRef = 63E5A64C2717A53000FBB90D /* Assets.xcassets */; };
		63E5A6502717A53000FBB90D /* LaunchScreen.storyboard in Resources */ = {isa = PBXBuildFile; fileRef = 63E5A64E2717A53000FBB90D /* LaunchScreen.storyboard */; };
/* End PBXBuildFile section */

/* Begin PBXFileReference section */
		0C402E4227646B9C009F665E /* Temperatures.swift */ = {isa = PBXFileReference; lastKnownFileType = sourcecode.swift; path = Temperatures.swift; sourceTree = "<group>"; };
		0CA4472827521B72001F42CE /* Sensors.swift */ = {isa = PBXFileReference; lastKnownFileType = sourcecode.swift; path = Sensors.swift; sourceTree = "<group>"; };
		0CA4472A27523D6F001F42CE /* QrCodeReadingViewController.swift */ = {isa = PBXFileReference; lastKnownFileType = sourcecode.swift; path = QrCodeReadingViewController.swift; sourceTree = "<group>"; };
		0CA4472C27524676001F42CE /* SensorRegistrationViewController.swift */ = {isa = PBXFileReference; lastKnownFileType = sourcecode.swift; path = SensorRegistrationViewController.swift; sourceTree = "<group>"; };
		0CB9E34327639B3C00E21492 /* GradientView.swift */ = {isa = PBXFileReference; lastKnownFileType = sourcecode.swift; path = GradientView.swift; sourceTree = "<group>"; };
		0CB9E3452763C11200E21492 /* DefaultTextField.swift */ = {isa = PBXFileReference; lastKnownFileType = sourcecode.swift; path = DefaultTextField.swift; sourceTree = "<group>"; };
		0CB9E34727642C1300E21492 /* DefaultButton.swift */ = {isa = PBXFileReference; lastKnownFileType = sourcecode.swift; path = DefaultButton.swift; sourceTree = "<group>"; };
		42F9CF2E182A5BCB72848B02 /* Pods_SmartPlumbers.framework */ = {isa = PBXFileReference; explicitFileType = wrapper.framework; includeInIndex = 0; path = Pods_SmartPlumbers.framework; sourceTree = BUILT_PRODUCTS_DIR; };
		631F93C42718C62200C0FA36 /* TitleAndValueView.swift */ = {isa = PBXFileReference; lastKnownFileType = sourcecode.swift; path = TitleAndValueView.swift; sourceTree = "<group>"; };
		631F93CC2718C9AE00C0FA36 /* FundDescriptionWithDecorationView.swift */ = {isa = PBXFileReference; lastKnownFileType = sourcecode.swift; path = FundDescriptionWithDecorationView.swift; sourceTree = "<group>"; };
		631F93D42718DE0A00C0FA36 /* Strings+Helpers.swift */ = {isa = PBXFileReference; lastKnownFileType = sourcecode.swift; path = "Strings+Helpers.swift"; sourceTree = "<group>"; };
		631F93DF2718E86000C0FA36 /* AppStrings.swift */ = {isa = PBXFileReference; lastKnownFileType = sourcecode.swift; path = AppStrings.swift; sourceTree = "<group>"; };
		631F93E42718E86C00C0FA36 /* AppStrings.strings */ = {isa = PBXFileReference; lastKnownFileType = text.plist.strings; path = AppStrings.strings; sourceTree = "<group>"; };
		632DAAC927188472002D33E9 /* GradientOfRiskView.swift */ = {isa = PBXFileReference; lastKnownFileType = sourcecode.swift; path = GradientOfRiskView.swift; sourceTree = "<group>"; };
		632DAACE27188D44002D33E9 /* FundRisk.swift */ = {isa = PBXFileReference; lastKnownFileType = sourcecode.swift; path = FundRisk.swift; sourceTree = "<group>"; };
		632DAAD327189CA8002D33E9 /* UIColors+Helpers.swift */ = {isa = PBXFileReference; lastKnownFileType = sourcecode.swift; path = "UIColors+Helpers.swift"; sourceTree = "<group>"; };
		632DAAD927189F1C002D33E9 /* UIFont+Helpers.swift */ = {isa = PBXFileReference; lastKnownFileType = sourcecode.swift; path = "UIFont+Helpers.swift"; sourceTree = "<group>"; };
		632DAADE2718A855002D33E9 /* SensorDetailsView.swift */ = {isa = PBXFileReference; lastKnownFileType = sourcecode.swift; path = SensorDetailsView.swift; sourceTree = "<group>"; };
		63D78E9D2717A9D700819D68 /* AllSensorsViewController.swift */ = {isa = PBXFileReference; lastKnownFileType = sourcecode.swift; path = AllSensorsViewController.swift; sourceTree = "<group>"; };
		63D78EC42717ADA400819D68 /* SmartSensorDefaultViewController.swift */ = {isa = PBXFileReference; lastKnownFileType = sourcecode.swift; path = SmartSensorDefaultViewController.swift; sourceTree = "<group>"; };
		63D78ECC2717ADDB00819D68 /* SensorDetailsViewController.swift */ = {isa = PBXFileReference; lastKnownFileType = sourcecode.swift; path = SensorDetailsViewController.swift; sourceTree = "<group>"; };
		63D78ED12717AE2100819D68 /* ApiRequests.swift */ = {isa = PBXFileReference; lastKnownFileType = sourcecode.swift; path = ApiRequests.swift; sourceTree = "<group>"; };
		63D78ED62717AE3500819D68 /* RequestError.swift */ = {isa = PBXFileReference; lastKnownFileType = sourcecode.swift; path = RequestError.swift; sourceTree = "<group>"; };
		63D78EE52717B7FD00819D68 /* SensorsViewModel.swift */ = {isa = PBXFileReference; lastKnownFileType = sourcecode.swift; path = SensorsViewModel.swift; sourceTree = "<group>"; };
		63D78EFB2717CAFB00819D68 /* UIView+Anchor.swift */ = {isa = PBXFileReference; lastKnownFileType = sourcecode.swift; path = "UIView+Anchor.swift"; sourceTree = "<group>"; };
		63D78F002717D4E000819D68 /* AllSensorsView.swift */ = {isa = PBXFileReference; lastKnownFileType = sourcecode.swift; path = AllSensorsView.swift; sourceTree = "<group>"; };
		63D78F092717D50800819D68 /* SingleSensorCollectionViewCell.swift */ = {isa = PBXFileReference; lastKnownFileType = sourcecode.swift; path = SingleSensorCollectionViewCell.swift; sourceTree = "<group>"; };
		63E5A63D2717A52F00FBB90D /* SmartPlumbers.app */ = {isa = PBXFileReference; explicitFileType = wrapper.application; includeInIndex = 0; path = SmartPlumbers.app; sourceTree = BUILT_PRODUCTS_DIR; };
		63E5A6402717A52F00FBB90D /* AppDelegate.swift */ = {isa = PBXFileReference; lastKnownFileType = sourcecode.swift; path = AppDelegate.swift; sourceTree = "<group>"; };
		63E5A64C2717A53000FBB90D /* Assets.xcassets */ = {isa = PBXFileReference; lastKnownFileType = folder.assetcatalog; path = Assets.xcassets; sourceTree = "<group>"; };
		63E5A64F2717A53000FBB90D /* Base */ = {isa = PBXFileReference; lastKnownFileType = file.storyboard; name = Base; path = Base.lproj/LaunchScreen.storyboard; sourceTree = "<group>"; };
		63E5A6512717A53000FBB90D /* Info.plist */ = {isa = PBXFileReference; lastKnownFileType = text.plist.xml; path = Info.plist; sourceTree = "<group>"; };
		AA676952AE8F112F92CB5090 /* Pods-SmartPlumbers.release.xcconfig */ = {isa = PBXFileReference; includeInIndex = 1; lastKnownFileType = text.xcconfig; name = "Pods-SmartPlumbers.release.xcconfig"; path = "Target Support Files/Pods-SmartPlumbers/Pods-SmartPlumbers.release.xcconfig"; sourceTree = "<group>"; };
		CBCABCACB4FBC4E3FC05948D /* Pods-SmartPlumbers.debug.xcconfig */ = {isa = PBXFileReference; includeInIndex = 1; lastKnownFileType = text.xcconfig; name = "Pods-SmartPlumbers.debug.xcconfig"; path = "Target Support Files/Pods-SmartPlumbers/Pods-SmartPlumbers.debug.xcconfig"; sourceTree = "<group>"; };
/* End PBXFileReference section */

/* Begin PBXFrameworksBuildPhase section */
		63E5A63A2717A52F00FBB90D /* Frameworks */ = {
			isa = PBXFrameworksBuildPhase;
			buildActionMask = 2147483647;
			files = (
				2FFB701C1220E37212C752AF /* Pods_SmartPlumbers.framework in Frameworks */,
			);
			runOnlyForDeploymentPostprocessing = 0;
		};
/* End PBXFrameworksBuildPhase section */

/* Begin PBXGroup section */
		632DAAE32718B16B002D33E9 /* Extensions */ = {
			isa = PBXGroup;
			children = (
				63D78EFB2717CAFB00819D68 /* UIView+Anchor.swift */,
				632DAAD327189CA8002D33E9 /* UIColors+Helpers.swift */,
				632DAAD927189F1C002D33E9 /* UIFont+Helpers.swift */,
				631F93D42718DE0A00C0FA36 /* Strings+Helpers.swift */,
			);
			path = Extensions;
			sourceTree = "<group>";
		};
		6338FE922717A74F0002F68E /* Config */ = {
			isa = PBXGroup;
			children = (
				63E5A6512717A53000FBB90D /* Info.plist */,
				63E5A6402717A52F00FBB90D /* AppDelegate.swift */,
				63E5A64E2717A53000FBB90D /* LaunchScreen.storyboard */,
			);
			path = Config;
			sourceTree = "<group>";
		};
		6338FE932717A7640002F68E /* Repository */ = {
			isa = PBXGroup;
			children = (
				63D78ED12717AE2100819D68 /* ApiRequests.swift */,
				63D78ED62717AE3500819D68 /* RequestError.swift */,
			);
			path = Repository;
			sourceTree = "<group>";
		};
		6338FE942717A78C0002F68E /* Model */ = {
			isa = PBXGroup;
			children = (
				0CA4472827521B72001F42CE /* Sensors.swift */,
				0C402E4227646B9C009F665E /* Temperatures.swift */,
			);
			path = Model;
			sourceTree = "<group>";
		};
		6338FE962717A7A40002F68E /* ViewModel */ = {
			isa = PBXGroup;
			children = (
				63D78EE52717B7FD00819D68 /* SensorsViewModel.swift */,
			);
			path = ViewModel;
			sourceTree = "<group>";
		};
		6338FE972717A7BE0002F68E /* Views */ = {
			isa = PBXGroup;
			children = (
				63D78F052717D4E700819D68 /* AssistantsViews */,
				63D78F002717D4E000819D68 /* AllSensorsView.swift */,
				632DAADE2718A855002D33E9 /* SensorDetailsView.swift */,
			);
			path = Views;
			sourceTree = "<group>";
		};
		6338FE982717A7C40002F68E /* Controller */ = {
			isa = PBXGroup;
			children = (
				63D78E9D2717A9D700819D68 /* AllSensorsViewController.swift */,
				63D78ECC2717ADDB00819D68 /* SensorDetailsViewController.swift */,
				0CA4472A27523D6F001F42CE /* QrCodeReadingViewController.swift */,
				0CA4472C27524676001F42CE /* SensorRegistrationViewController.swift */,
			);
			path = Controller;
			sourceTree = "<group>";
		};
		6338FE9A2717A81D0002F68E /* Assets */ = {
			isa = PBXGroup;
			children = (
				63E5A64C2717A53000FBB90D /* Assets.xcassets */,
				631F93DF2718E86000C0FA36 /* AppStrings.swift */,
				631F93E42718E86C00C0FA36 /* AppStrings.strings */,
			);
			name = Assets;
			sourceTree = "<group>";
		};
		63D78EC32717AD6C00819D68 /* Helpers */ = {
			isa = PBXGroup;
			children = (
				632DAAE32718B16B002D33E9 /* Extensions */,
				63D78EC42717ADA400819D68 /* SmartSensorDefaultViewController.swift */,
				632DAACE27188D44002D33E9 /* FundRisk.swift */,
			);
			path = Helpers;
			sourceTree = "<group>";
		};
		63D78F052717D4E700819D68 /* AssistantsViews */ = {
			isa = PBXGroup;
			children = (
				631F93C42718C62200C0FA36 /* TitleAndValueView.swift */,
				63D78F092717D50800819D68 /* SingleSensorCollectionViewCell.swift */,
				632DAAC927188472002D33E9 /* GradientOfRiskView.swift */,
				631F93CC2718C9AE00C0FA36 /* FundDescriptionWithDecorationView.swift */,
				0CB9E34327639B3C00E21492 /* GradientView.swift */,
				0CB9E3452763C11200E21492 /* DefaultTextField.swift */,
				0CB9E34727642C1300E21492 /* DefaultButton.swift */,
			);
			path = AssistantsViews;
			sourceTree = "<group>";
		};
		63E5A6342717A52F00FBB90D = {
			isa = PBXGroup;
			children = (
				63E5A63F2717A52F00FBB90D /* SmartPlumbers */,
				63E5A63E2717A52F00FBB90D /* Products */,
				DA2A1AF4257A6E4133C25918 /* Pods */,
				A73621D214B319A2ED273659 /* Frameworks */,
			);
			sourceTree = "<group>";
		};
		63E5A63E2717A52F00FBB90D /* Products */ = {
			isa = PBXGroup;
			children = (
				63E5A63D2717A52F00FBB90D /* SmartPlumbers.app */,
			);
			name = Products;
			sourceTree = "<group>";
		};
		63E5A63F2717A52F00FBB90D /* SmartPlumbers */ = {
			isa = PBXGroup;
			children = (
				6338FE9A2717A81D0002F68E /* Assets */,
				6338FE922717A74F0002F68E /* Config */,
				6338FE932717A7640002F68E /* Repository */,
				6338FE942717A78C0002F68E /* Model */,
				6338FE962717A7A40002F68E /* ViewModel */,
				6338FE982717A7C40002F68E /* Controller */,
				6338FE972717A7BE0002F68E /* Views */,
				63D78EC32717AD6C00819D68 /* Helpers */,
			);
			path = SmartPlumbers;
			sourceTree = "<group>";
		};
		A73621D214B319A2ED273659 /* Frameworks */ = {
			isa = PBXGroup;
			children = (
				42F9CF2E182A5BCB72848B02 /* Pods_SmartPlumbers.framework */,
			);
			name = Frameworks;
			sourceTree = "<group>";
		};
		DA2A1AF4257A6E4133C25918 /* Pods */ = {
			isa = PBXGroup;
			children = (
				CBCABCACB4FBC4E3FC05948D /* Pods-SmartPlumbers.debug.xcconfig */,
				AA676952AE8F112F92CB5090 /* Pods-SmartPlumbers.release.xcconfig */,
			);
			name = Pods;
			path = Pods;
			sourceTree = "<group>";
		};
/* End PBXGroup section */

/* Begin PBXNativeTarget section */
		63E5A63C2717A52F00FBB90D /* SmartPlumbers */ = {
			isa = PBXNativeTarget;
			buildConfigurationList = 63E5A66A2717A53000FBB90D /* Build configuration list for PBXNativeTarget "SmartPlumbers" */;
			buildPhases = (
				8DF4BE8906A532E19BBBD7F5 /* [CP] Check Pods Manifest.lock */,
				63E5A6392717A52F00FBB90D /* Sources */,
				63E5A63A2717A52F00FBB90D /* Frameworks */,
				63E5A63B2717A52F00FBB90D /* Resources */,
				4717E9EF9AFB7FF87F4D78B3 /* [CP] Embed Pods Frameworks */,
			);
			buildRules = (
			);
			dependencies = (
			);
			name = SmartPlumbers;
			productName = OramaChallenge;
			productReference = 63E5A63D2717A52F00FBB90D /* SmartPlumbers.app */;
			productType = "com.apple.product-type.application";
		};
/* End PBXNativeTarget section */

/* Begin PBXProject section */
		63E5A6352717A52F00FBB90D /* Project object */ = {
			isa = PBXProject;
			attributes = {
				LastSwiftUpdateCheck = 1210;
				LastUpgradeCheck = 1210;
				TargetAttributes = {
					63E5A63C2717A52F00FBB90D = {
						CreatedOnToolsVersion = 12.1;
					};
				};
			};
			buildConfigurationList = 63E5A6382717A52F00FBB90D /* Build configuration list for PBXProject "SmartPlumbers" */;
			compatibilityVersion = "Xcode 9.3";
			developmentRegion = en;
			hasScannedForEncodings = 0;
			knownRegions = (
				en,
				Base,
			);
			mainGroup = 63E5A6342717A52F00FBB90D;
			productRefGroup = 63E5A63E2717A52F00FBB90D /* Products */;
			projectDirPath = "";
			projectRoot = "";
			targets = (
				63E5A63C2717A52F00FBB90D /* SmartPlumbers */,
			);
		};
/* End PBXProject section */

/* Begin PBXResourcesBuildPhase section */
		63E5A63B2717A52F00FBB90D /* Resources */ = {
			isa = PBXResourcesBuildPhase;
			buildActionMask = 2147483647;
			files = (
				63E5A6502717A53000FBB90D /* LaunchScreen.storyboard in Resources */,
				63E5A64D2717A53000FBB90D /* Assets.xcassets in Resources */,
				631F93E52718E86C00C0FA36 /* AppStrings.strings in Resources */,
			);
			runOnlyForDeploymentPostprocessing = 0;
		};
/* End PBXResourcesBuildPhase section */

/* Begin PBXShellScriptBuildPhase section */
		4717E9EF9AFB7FF87F4D78B3 /* [CP] Embed Pods Frameworks */ = {
			isa = PBXShellScriptBuildPhase;
			buildActionMask = 2147483647;
			files = (
			);
			inputFileListPaths = (
				"${PODS_ROOT}/Target Support Files/Pods-SmartPlumbers/Pods-SmartPlumbers-frameworks-${CONFIGURATION}-input-files.xcfilelist",
			);
			name = "[CP] Embed Pods Frameworks";
			outputFileListPaths = (
				"${PODS_ROOT}/Target Support Files/Pods-SmartPlumbers/Pods-SmartPlumbers-frameworks-${CONFIGURATION}-output-files.xcfilelist",
			);
			runOnlyForDeploymentPostprocessing = 0;
			shellPath = /bin/sh;
			shellScript = "\"${PODS_ROOT}/Target Support Files/Pods-SmartPlumbers/Pods-SmartPlumbers-frameworks.sh\"\n";
			showEnvVarsInLog = 0;
		};
		8DF4BE8906A532E19BBBD7F5 /* [CP] Check Pods Manifest.lock */ = {
			isa = PBXShellScriptBuildPhase;
			buildActionMask = 2147483647;
			files = (
			);
			inputFileListPaths = (
			);
			inputPaths = (
				"${PODS_PODFILE_DIR_PATH}/Podfile.lock",
				"${PODS_ROOT}/Manifest.lock",
			);
			name = "[CP] Check Pods Manifest.lock";
			outputFileListPaths = (
			);
			outputPaths = (
				"$(DERIVED_FILE_DIR)/Pods-SmartPlumbers-checkManifestLockResult.txt",
			);
			runOnlyForDeploymentPostprocessing = 0;
			shellPath = /bin/sh;
			shellScript = "diff \"${PODS_PODFILE_DIR_PATH}/Podfile.lock\" \"${PODS_ROOT}/Manifest.lock\" > /dev/null\nif [ $? != 0 ] ; then\n    # print error to STDERR\n    echo \"error: The sandbox is not in sync with the Podfile.lock. Run 'pod install' or update your CocoaPods installation.\" >&2\n    exit 1\nfi\n# This output is used by Xcode 'outputs' to avoid re-running this script phase.\necho \"SUCCESS\" > \"${SCRIPT_OUTPUT_FILE_0}\"\n";
			showEnvVarsInLog = 0;
		};
/* End PBXShellScriptBuildPhase section */

/* Begin PBXSourcesBuildPhase section */
		63E5A6392717A52F00FBB90D /* Sources */ = {
			isa = PBXSourcesBuildPhase;
			buildActionMask = 2147483647;
			files = (
				63D78EFC2717CAFB00819D68 /* UIView+Anchor.swift in Sources */,
				0CA4472B27523D6F001F42CE /* QrCodeReadingViewController.swift in Sources */,
				63D78ED72717AE3500819D68 /* RequestError.swift in Sources */,
				631F93E02718E86000C0FA36 /* AppStrings.swift in Sources */,
				0C402E4327646B9C009F665E /* Temperatures.swift in Sources */,
				63E5A6412717A52F00FBB90D /* AppDelegate.swift in Sources */,
				63D78E9E2717A9D700819D68 /* AllSensorsViewController.swift in Sources */,
				632DAAD427189CA8002D33E9 /* UIColors+Helpers.swift in Sources */,
				0CB9E3462763C11200E21492 /* DefaultTextField.swift in Sources */,
				63D78EC52717ADA400819D68 /* SmartSensorDefaultViewController.swift in Sources */,
				631F93CD2718C9AE00C0FA36 /* FundDescriptionWithDecorationView.swift in Sources */,
				632DAACA27188472002D33E9 /* GradientOfRiskView.swift in Sources */,
				0CA4472D27524676001F42CE /* SensorRegistrationViewController.swift in Sources */,
				631F93C52718C62200C0FA36 /* TitleAndValueView.swift in Sources */,
				632DAACF27188D44002D33E9 /* FundRisk.swift in Sources */,
				0CB9E34427639B3C00E21492 /* GradientView.swift in Sources */,
				632DAADA27189F1C002D33E9 /* UIFont+Helpers.swift in Sources */,
				632DAADF2718A855002D33E9 /* SensorDetailsView.swift in Sources */,
				63D78EE62717B7FD00819D68 /* SensorsViewModel.swift in Sources */,
				63D78F012717D4E000819D68 /* AllSensorsView.swift in Sources */,
				63D78F0A2717D50800819D68 /* SingleSensorCollectionViewCell.swift in Sources */,
				0CB9E34827642C1300E21492 /* DefaultButton.swift in Sources */,
				63D78ED22717AE2100819D68 /* ApiRequests.swift in Sources */,
				631F93D52718DE0A00C0FA36 /* Strings+Helpers.swift in Sources */,
				63D78ECD2717ADDB00819D68 /* SensorDetailsViewController.swift in Sources */,
				0CA4472927521B72001F42CE /* Sensors.swift in Sources */,
			);
			runOnlyForDeploymentPostprocessing = 0;
		};
/* End PBXSourcesBuildPhase section */

/* Begin PBXVariantGroup section */
		63E5A64E2717A53000FBB90D /* LaunchScreen.storyboard */ = {
			isa = PBXVariantGroup;
			children = (
				63E5A64F2717A53000FBB90D /* Base */,
			);
			name = LaunchScreen.storyboard;
			sourceTree = "<group>";
		};
/* End PBXVariantGroup section */

/* Begin XCBuildConfiguration section */
		63E5A6682717A53000FBB90D /* Debug */ = {
			isa = XCBuildConfiguration;
			buildSettings = {
				ALWAYS_SEARCH_USER_PATHS = NO;
				CLANG_ANALYZER_NONNULL = YES;
				CLANG_ANALYZER_NUMBER_OBJECT_CONVERSION = YES_AGGRESSIVE;
				CLANG_CXX_LANGUAGE_STANDARD = "gnu++14";
				CLANG_CXX_LIBRARY = "libc++";
				CLANG_ENABLE_MODULES = YES;
				CLANG_ENABLE_OBJC_ARC = YES;
				CLANG_ENABLE_OBJC_WEAK = YES;
				CLANG_WARN_BLOCK_CAPTURE_AUTORELEASING = YES;
				CLANG_WARN_BOOL_CONVERSION = YES;
				CLANG_WARN_COMMA = YES;
				CLANG_WARN_CONSTANT_CONVERSION = YES;
				CLANG_WARN_DEPRECATED_OBJC_IMPLEMENTATIONS = YES;
				CLANG_WARN_DIRECT_OBJC_ISA_USAGE = YES_ERROR;
				CLANG_WARN_DOCUMENTATION_COMMENTS = YES;
				CLANG_WARN_EMPTY_BODY = YES;
				CLANG_WARN_ENUM_CONVERSION = YES;
				CLANG_WARN_INFINITE_RECURSION = YES;
				CLANG_WARN_INT_CONVERSION = YES;
				CLANG_WARN_NON_LITERAL_NULL_CONVERSION = YES;
				CLANG_WARN_OBJC_IMPLICIT_RETAIN_SELF = YES;
				CLANG_WARN_OBJC_LITERAL_CONVERSION = YES;
				CLANG_WARN_OBJC_ROOT_CLASS = YES_ERROR;
				CLANG_WARN_QUOTED_INCLUDE_IN_FRAMEWORK_HEADER = YES;
				CLANG_WARN_RANGE_LOOP_ANALYSIS = YES;
				CLANG_WARN_STRICT_PROTOTYPES = YES;
				CLANG_WARN_SUSPICIOUS_MOVE = YES;
				CLANG_WARN_UNGUARDED_AVAILABILITY = YES_AGGRESSIVE;
				CLANG_WARN_UNREACHABLE_CODE = YES;
				CLANG_WARN__DUPLICATE_METHOD_MATCH = YES;
				COPY_PHASE_STRIP = NO;
				DEBUG_INFORMATION_FORMAT = dwarf;
				ENABLE_STRICT_OBJC_MSGSEND = YES;
				ENABLE_TESTABILITY = YES;
				GCC_C_LANGUAGE_STANDARD = gnu11;
				GCC_DYNAMIC_NO_PIC = NO;
				GCC_NO_COMMON_BLOCKS = YES;
				GCC_OPTIMIZATION_LEVEL = 0;
				GCC_PREPROCESSOR_DEFINITIONS = (
					"DEBUG=1",
					"$(inherited)",
				);
				GCC_WARN_64_TO_32_BIT_CONVERSION = YES;
				GCC_WARN_ABOUT_RETURN_TYPE = YES_ERROR;
				GCC_WARN_UNDECLARED_SELECTOR = YES;
				GCC_WARN_UNINITIALIZED_AUTOS = YES_AGGRESSIVE;
				GCC_WARN_UNUSED_FUNCTION = YES;
				GCC_WARN_UNUSED_VARIABLE = YES;
				IPHONEOS_DEPLOYMENT_TARGET = 15.0;
				MTL_ENABLE_DEBUG_INFO = INCLUDE_SOURCE;
				MTL_FAST_MATH = YES;
				ONLY_ACTIVE_ARCH = YES;
				SDKROOT = iphoneos;
				SWIFT_ACTIVE_COMPILATION_CONDITIONS = DEBUG;
				SWIFT_OPTIMIZATION_LEVEL = "-Onone";
			};
			name = Debug;
		};
		63E5A6692717A53000FBB90D /* Release */ = {
			isa = XCBuildConfiguration;
			buildSettings = {
				ALWAYS_SEARCH_USER_PATHS = NO;
				CLANG_ANALYZER_NONNULL = YES;
				CLANG_ANALYZER_NUMBER_OBJECT_CONVERSION = YES_AGGRESSIVE;
				CLANG_CXX_LANGUAGE_STANDARD = "gnu++14";
				CLANG_CXX_LIBRARY = "libc++";
				CLANG_ENABLE_MODULES = YES;
				CLANG_ENABLE_OBJC_ARC = YES;
				CLANG_ENABLE_OBJC_WEAK = YES;
				CLANG_WARN_BLOCK_CAPTURE_AUTORELEASING = YES;
				CLANG_WARN_BOOL_CONVERSION = YES;
				CLANG_WARN_COMMA = YES;
				CLANG_WARN_CONSTANT_CONVERSION = YES;
				CLANG_WARN_DEPRECATED_OBJC_IMPLEMENTATIONS = YES;
				CLANG_WARN_DIRECT_OBJC_ISA_USAGE = YES_ERROR;
				CLANG_WARN_DOCUMENTATION_COMMENTS = YES;
				CLANG_WARN_EMPTY_BODY = YES;
				CLANG_WARN_ENUM_CONVERSION = YES;
				CLANG_WARN_INFINITE_RECURSION = YES;
				CLANG_WARN_INT_CONVERSION = YES;
				CLANG_WARN_NON_LITERAL_NULL_CONVERSION = YES;
				CLANG_WARN_OBJC_IMPLICIT_RETAIN_SELF = YES;
				CLANG_WARN_OBJC_LITERAL_CONVERSION = YES;
				CLANG_WARN_OBJC_ROOT_CLASS = YES_ERROR;
				CLANG_WARN_QUOTED_INCLUDE_IN_FRAMEWORK_HEADER = YES;
				CLANG_WARN_RANGE_LOOP_ANALYSIS = YES;
				CLANG_WARN_STRICT_PROTOTYPES = YES;
				CLANG_WARN_SUSPICIOUS_MOVE = YES;
				CLANG_WARN_UNGUARDED_AVAILABILITY = YES_AGGRESSIVE;
				CLANG_WARN_UNREACHABLE_CODE = YES;
				CLANG_WARN__DUPLICATE_METHOD_MATCH = YES;
				COPY_PHASE_STRIP = NO;
				DEBUG_INFORMATION_FORMAT = "dwarf-with-dsym";
				ENABLE_NS_ASSERTIONS = NO;
				ENABLE_STRICT_OBJC_MSGSEND = YES;
				GCC_C_LANGUAGE_STANDARD = gnu11;
				GCC_NO_COMMON_BLOCKS = YES;
				GCC_WARN_64_TO_32_BIT_CONVERSION = YES;
				GCC_WARN_ABOUT_RETURN_TYPE = YES_ERROR;
				GCC_WARN_UNDECLARED_SELECTOR = YES;
				GCC_WARN_UNINITIALIZED_AUTOS = YES_AGGRESSIVE;
				GCC_WARN_UNUSED_FUNCTION = YES;
				GCC_WARN_UNUSED_VARIABLE = YES;
				IPHONEOS_DEPLOYMENT_TARGET = 15.0;
				MTL_ENABLE_DEBUG_INFO = NO;
				MTL_FAST_MATH = YES;
				SDKROOT = iphoneos;
				SWIFT_COMPILATION_MODE = wholemodule;
				SWIFT_OPTIMIZATION_LEVEL = "-O";
				VALIDATE_PRODUCT = YES;
			};
			name = Release;
		};
		63E5A66B2717A53000FBB90D /* Debug */ = {
			isa = XCBuildConfiguration;
			baseConfigurationReference = CBCABCACB4FBC4E3FC05948D /* Pods-SmartPlumbers.debug.xcconfig */;
			buildSettings = {
				ASSETCATALOG_COMPILER_APPICON_NAME = AppIcon;
				ASSETCATALOG_COMPILER_GLOBAL_ACCENT_COLOR_NAME = AccentColor;
				CODE_SIGN_STYLE = Automatic;
				DEVELOPMENT_TEAM = CM34PRAQJX;
				INFOPLIST_FILE = SmartPlumbers/Config/Info.plist;
				LD_RUNPATH_SEARCH_PATHS = (
					"$(inherited)",
					"@executable_path/Frameworks",
				);
				PRODUCT_BUNDLE_IDENTIFIER = br.com.modine.carlos.SmartPlumbers;
				PRODUCT_NAME = "$(TARGET_NAME)";
				SWIFT_VERSION = 5.0;
				TARGETED_DEVICE_FAMILY = "1,2";
			};
			name = Debug;
		};
		63E5A66C2717A53000FBB90D /* Release */ = {
			isa = XCBuildConfiguration;
			baseConfigurationReference = AA676952AE8F112F92CB5090 /* Pods-SmartPlumbers.release.xcconfig */;
			buildSettings = {
				ASSETCATALOG_COMPILER_APPICON_NAME = AppIcon;
				ASSETCATALOG_COMPILER_GLOBAL_ACCENT_COLOR_NAME = AccentColor;
				CODE_SIGN_STYLE = Automatic;
				DEVELOPMENT_TEAM = CM34PRAQJX;
				INFOPLIST_FILE = SmartPlumbers/Config/Info.plist;
				LD_RUNPATH_SEARCH_PATHS = (
					"$(inherited)",
					"@executable_path/Frameworks",
				);
				PRODUCT_BUNDLE_IDENTIFIER = br.com.modine.carlos.SmartPlumbers;
				PRODUCT_NAME = "$(TARGET_NAME)";
				SWIFT_VERSION = 5.0;
				TARGETED_DEVICE_FAMILY = "1,2";
			};
			name = Release;
		};
/* End XCBuildConfiguration section */

/* Begin XCConfigurationList section */
		63E5A6382717A52F00FBB90D /* Build configuration list for PBXProject "SmartPlumbers" */ = {
			isa = XCConfigurationList;
			buildConfigurations = (
				63E5A6682717A53000FBB90D /* Debug */,
				63E5A6692717A53000FBB90D /* Release */,
			);
			defaultConfigurationIsVisible = 0;
			defaultConfigurationName = Release;
		};
		63E5A66A2717A53000FBB90D /* Build configuration list for PBXNativeTarget "SmartPlumbers" */ = {
			isa = XCConfigurationList;
			buildConfigurations = (
				63E5A66B2717A53000FBB90D /* Debug */,
				63E5A66C2717A53000FBB90D /* Release */,
			);
			defaultConfigurationIsVisible = 0;
			defaultConfigurationName = Release;
		};
/* End XCConfigurationList section */
	};
	rootObject = 63E5A6352717A52F00FBB90D /* Project object */;
}
